
Microsoft Visual Studio Solution File, Format Version 12.00
# Visual Studio Version 17
VisualStudioVersion = 17.6.33815.320
MinimumVisualStudioVersion = 10.0.40219.1
Project("{FAE04EC0-301F-11D3-BF4B-00C04F79EFBC}") = "ScreenSound", "ScreenSound\ScreenSound.csproj", "{BBDD5E95-5759-4D9B-A269-222331C0B2C0}"
EndProject
Global
	GlobalSection(SolutionConfigurationPlatforms) = preSolution
		Debug|Any CPU = Debug|Any CPU
		Release|Any CPU = Release|Any CPU
	EndGlobalSection
	GlobalSection(ProjectConfigurationPlatforms) = postSolution
		{BBDD5E95-5759-4D9B-A269-222331C0B2C0}.Debug|Any CPU.ActiveCfg = Debug|Any CPU
		{BBDD5E95-5759-4D9B-A269-222331C0B2C0}.Debug|Any CPU.Build.0 = Debug|Any CPU
		{BBDD5E95-5759-4D9B-A269-222331C0B2C0}.Release|Any CPU.ActiveCfg = Release|Any CPU
		{BBDD5E95-5759-4D9B-A269-222331C0B2C0}.Release|Any CPU.Build.0 = Release|Any CPU
	EndGlobalSection
	GlobalSection(SolutionProperties) = preSolution
		HideSolutionNode = FALSE
	EndGlobalSection
	GlobalSection(ExtensibilityGlobals) = postSolution
		SolutionGuid = {0FCE0D95-47B8-4FE7-B7CB-329E597517F9}
	EndGlobalSection
EndGlobal
